
Microsoft Visual Studio Solution File, Format Version 12.00
# Visual Studio Version 17
VisualStudioVersion = 17.3.32804.467
MinimumVisualStudioVersion = 10.0.40219.1
Project("{9A19103F-16F7-4668-BE54-9A1E7A4F7556}") = "SimpleStackOverflow.Web", "SimpleStackOverflow.Web\SimpleStackOverflow.Web.csproj", "{5B5836C7-4862-4E72-B9B3-BEB059599181}"
EndProject
Project("{FAE04EC0-301F-11D3-BF4B-00C04F79EFBC}") = "SimpleStackOverflow.Infrastructure", "SimpleStackOverflow.Infrastructure\SimpleStackOverflow.Infrastructure.csproj", "{3F6D1842-79B4-44B8-AC8C-77A48EC69057}"
EndProject
Project("{FAE04EC0-301F-11D3-BF4B-00C04F79EFBC}") = "SimpleStackOverflow.Membership", "SimpleStackOverflow.Membership\SimpleStackOverflow.Membership.csproj", "{ACAEEA1D-15F6-4DCA-8DCD-93C9C94C5DFC}"
EndProject
Project("{FAE04EC0-301F-11D3-BF4B-00C04F79EFBC}") = "SimpleStackOverflow.Data", "SimpleStackOverflow.Data\SimpleStackOverflow.Data.csproj", "{676E18D1-34BF-47A2-BC97-2BB463D7A40F}"
EndProject
Global
	GlobalSection(SolutionConfigurationPlatforms) = preSolution
		Debug|Any CPU = Debug|Any CPU
		Release|Any CPU = Release|Any CPU
	EndGlobalSection
	GlobalSection(ProjectConfigurationPlatforms) = postSolution
		{5B5836C7-4862-4E72-B9B3-BEB059599181}.Debug|Any CPU.ActiveCfg = Debug|Any CPU
		{5B5836C7-4862-4E72-B9B3-BEB059599181}.Debug|Any CPU.Build.0 = Debug|Any CPU
		{5B5836C7-4862-4E72-B9B3-BEB059599181}.Release|Any CPU.ActiveCfg = Release|Any CPU
		{5B5836C7-4862-4E72-B9B3-BEB059599181}.Release|Any CPU.Build.0 = Release|Any CPU
		{3F6D1842-79B4-44B8-AC8C-77A48EC69057}.Debug|Any CPU.ActiveCfg = Debug|Any CPU
		{3F6D1842-79B4-44B8-AC8C-77A48EC69057}.Debug|Any CPU.Build.0 = Debug|Any CPU
		{3F6D1842-79B4-44B8-AC8C-77A48EC69057}.Release|Any CPU.ActiveCfg = Release|Any CPU
		{3F6D1842-79B4-44B8-AC8C-77A48EC69057}.Release|Any CPU.Build.0 = Release|Any CPU
		{ACAEEA1D-15F6-4DCA-8DCD-93C9C94C5DFC}.Debug|Any CPU.ActiveCfg = Debug|Any CPU
		{ACAEEA1D-15F6-4DCA-8DCD-93C9C94C5DFC}.Debug|Any CPU.Build.0 = Debug|Any CPU
		{ACAEEA1D-15F6-4DCA-8DCD-93C9C94C5DFC}.Release|Any CPU.ActiveCfg = Release|Any CPU
		{ACAEEA1D-15F6-4DCA-8DCD-93C9C94C5DFC}.Release|Any CPU.Build.0 = Release|Any CPU
		{676E18D1-34BF-47A2-BC97-2BB463D7A40F}.Debug|Any CPU.ActiveCfg = Debug|Any CPU
		{676E18D1-34BF-47A2-BC97-2BB463D7A40F}.Debug|Any CPU.Build.0 = Debug|Any CPU
		{676E18D1-34BF-47A2-BC97-2BB463D7A40F}.Release|Any CPU.ActiveCfg = Release|Any CPU
		{676E18D1-34BF-47A2-BC97-2BB463D7A40F}.Release|Any CPU.Build.0 = Release|Any CPU
	EndGlobalSection
	GlobalSection(SolutionProperties) = preSolution
		HideSolutionNode = FALSE
	EndGlobalSection
	GlobalSection(ExtensibilityGlobals) = postSolution
		SolutionGuid = {B07FC6A4-925F-4208-A501-CE732914217E}
	EndGlobalSection
EndGlobal
